
Microsoft Visual Studio Solution File, Format Version 12.00
# Visual Studio Version 16
VisualStudioVersion = 16.0.34301.259
MinimumVisualStudioVersion = 10.0.40219.1
Project("{FAE04EC0-301F-11D3-BF4B-00C04F79EFBC}") = "bank", "bank\bank.csproj", "{1D22F15E-F303-4B47-8486-F4D234DA7B3C}"
EndProject
Global
	GlobalSection(SolutionConfigurationPlatforms) = preSolution
		Debug|Any CPU = Debug|Any CPU
		Release|Any CPU = Release|Any CPU
	EndGlobalSection
	GlobalSection(ProjectConfigurationPlatforms) = postSolution
		{1D22F15E-F303-4B47-8486-F4D234DA7B3C}.Debug|Any CPU.ActiveCfg = Debug|Any CPU
		{1D22F15E-F303-4B47-8486-F4D234DA7B3C}.Debug|Any CPU.Build.0 = Debug|Any CPU
		{1D22F15E-F303-4B47-8486-F4D234DA7B3C}.Release|Any CPU.ActiveCfg = Release|Any CPU
		{1D22F15E-F303-4B47-8486-F4D234DA7B3C}.Release|Any CPU.Build.0 = Release|Any CPU
	EndGlobalSection
	GlobalSection(SolutionProperties) = preSolution
		HideSolutionNode = FALSE
	EndGlobalSection
	GlobalSection(ExtensibilityGlobals) = postSolution
		SolutionGuid = {173DE73A-C088-4C06-AE83-FAD391D6F1CA}
	EndGlobalSection
EndGlobal
